// !$*UTF8*$!
{
	archiveVersion = 1;
	classes = {
	};
	objectVersion = 46;
	objects = {

/* Begin PBXBuildFile section */
		145FB473B93B043BE447E3AA /* Pods_2048UITests.framework in Frameworks */ = {isa = PBXBuildFile; fileRef = CE606F2E6BED27A6538A799A /* Pods_2048UITests.framework */; };
		146925240143C79097A3D093 /* Pods_2048.framework in Frameworks */ = {isa = PBXBuildFile; fileRef = D941E04E187B9F0488A94036 /* Pods_2048.framework */; };
		A41836E71F845B3A0021561E /* Scoreboard.swift in Sources */ = {isa = PBXBuildFile; fileRef = A41836E61F845B3A0021561E /* Scoreboard.swift */; };
		A41836E91F862AE90021561E /* GameScoreManager.swift in Sources */ = {isa = PBXBuildFile; fileRef = A41836E81F862AE90021561E /* GameScoreManager.swift */; };
		A41836EB1F97C8E20021561E /* GameoverPanel.swift in Sources */ = {isa = PBXBuildFile; fileRef = A41836EA1F97C8E20021561E /* GameoverPanel.swift */; };
		A4364DC2200CE8650004E61B /* Audio.swift in Sources */ = {isa = PBXBuildFile; fileRef = A4364DC1200CE8650004E61B /* Audio.swift */; };
		A451568A1F79931300467A06 /* Tile.swift in Sources */ = {isa = PBXBuildFile; fileRef = A45156891F79931300467A06 /* Tile.swift */; };
		A4864DB21F58A75B00645483 /* AppDelegate.swift in Sources */ = {isa = PBXBuildFile; fileRef = A4864DB11F58A75B00645483 /* AppDelegate.swift */; };
		A4864DB81F58A75B00645483 /* GameScene.swift in Sources */ = {isa = PBXBuildFile; fileRef = A4864DB71F58A75B00645483 /* GameScene.swift */; };
		A4864DBA1F58A75B00645483 /* GameViewController.swift in Sources */ = {isa = PBXBuildFile; fileRef = A4864DB91F58A75B00645483 /* GameViewController.swift */; };
		A4864DBD1F58A75B00645483 /* Main.storyboard in Resources */ = {isa = PBXBuildFile; fileRef = A4864DBB1F58A75B00645483 /* Main.storyboard */; };
		A4864DBF1F58A75B00645483 /* Assets.xcassets in Resources */ = {isa = PBXBuildFile; fileRef = A4864DBE1F58A75B00645483 /* Assets.xcassets */; };
		A4864DC21F58A75B00645483 /* LaunchScreen.storyboard in Resources */ = {isa = PBXBuildFile; fileRef = A4864DC01F58A75B00645483 /* LaunchScreen.storyboard */; };
		A4864DCD1F58A75B00645483 /* _048Tests.swift in Sources */ = {isa = PBXBuildFile; fileRef = A4864DCC1F58A75B00645483 /* _048Tests.swift */; };
		A4864DD81F58A75B00645483 /* _048UITests.swift in Sources */ = {isa = PBXBuildFile; fileRef = A4864DD71F58A75B00645483 /* _048UITests.swift */; };
		A4864DEE1F59437100645483 /* SplashLogo.png in Resources */ = {isa = PBXBuildFile; fileRef = A4864DEB1F59437100645483 /* SplashLogo.png */; };
		A4864DEF1F59437100645483 /* SplashLogo@2x.png in Resources */ = {isa = PBXBuildFile; fileRef = A4864DEC1F59437100645483 /* SplashLogo@2x.png */; };
		A4864DF01F59437100645483 /* SplashLogo@4x.png in Resources */ = {isa = PBXBuildFile; fileRef = A4864DED1F59437100645483 /* SplashLogo@4x.png */; };
		A4883F531F703BA700B7D807 /* ionicons.ttf in Resources */ = {isa = PBXBuildFile; fileRef = A4883F521F703BA700B7D807 /* ionicons.ttf */; };
		A4D18BF91F594E5D00D93B03 /* HomeScene.swift in Sources */ = {isa = PBXBuildFile; fileRef = A4D18BF81F594E5D00D93B03 /* HomeScene.swift */; };
		A4D18BFB1F5954C600D93B03 /* Globals.swift in Sources */ = {isa = PBXBuildFile; fileRef = A4D18BFA1F5954C600D93B03 /* Globals.swift */; };
		A4D18C001F5AB4F000D93B03 /* StyleDefinitions.swift in Sources */ = {isa = PBXBuildFile; fileRef = A4D18BFF1F5AB4F000D93B03 /* StyleDefinitions.swift */; };
		A4D18C041F5B42D800D93B03 /* AuxModel.swift in Sources */ = {isa = PBXBuildFile; fileRef = A4D18C031F5B42D800D93B03 /* AuxModel.swift */; };
		A4D18C061F5B43A000D93B03 /* GameModel.swift in Sources */ = {isa = PBXBuildFile; fileRef = A4D18C051F5B43A000D93B03 /* GameModel.swift */; };
		A4D18C0D1F5C9E1600D93B03 /* InfoScene.swift in Sources */ = {isa = PBXBuildFile; fileRef = A4D18C0C1F5C9E1600D93B03 /* InfoScene.swift */; };
		A4D18C0F1F5C9E3900D93B03 /* SettingsScene.swift in Sources */ = {isa = PBXBuildFile; fileRef = A4D18C0E1F5C9E3900D93B03 /* SettingsScene.swift */; };
		A4D18C111F5C9E5E00D93B03 /* HighscoreScene.swift in Sources */ = {isa = PBXBuildFile; fileRef = A4D18C101F5C9E5E00D93B03 /* HighscoreScene.swift */; };
		A4D18C241F606B2200D93B03 /* tex2.png in Resources */ = {isa = PBXBuildFile; fileRef = A4D18C191F606B2200D93B03 /* tex2.png */; };
		A4D18C251F606B2200D93B03 /* tex4.png in Resources */ = {isa = PBXBuildFile; fileRef = A4D18C1A1F606B2200D93B03 /* tex4.png */; };
		A4D18C261F606B2200D93B03 /* tex8.png in Resources */ = {isa = PBXBuildFile; fileRef = A4D18C1B1F606B2200D93B03 /* tex8.png */; };
		A4D18C271F606B2200D93B03 /* tex16.png in Resources */ = {isa = PBXBuildFile; fileRef = A4D18C1C1F606B2200D93B03 /* tex16.png */; };
		A4D18C281F606B2200D93B03 /* tex32.png in Resources */ = {isa = PBXBuildFile; fileRef = A4D18C1D1F606B2200D93B03 /* tex32.png */; };
		A4D18C291F606B2200D93B03 /* tex64.png in Resources */ = {isa = PBXBuildFile; fileRef = A4D18C1E1F606B2200D93B03 /* tex64.png */; };
		A4D18C2A1F606B2200D93B03 /* tex128.png in Resources */ = {isa = PBXBuildFile; fileRef = A4D18C1F1F606B2200D93B03 /* tex128.png */; };
		A4D18C2B1F606B2200D93B03 /* tex256.png in Resources */ = {isa = PBXBuildFile; fileRef = A4D18C201F606B2200D93B03 /* tex256.png */; };
		A4D18C2C1F606B2200D93B03 /* tex512.png in Resources */ = {isa = PBXBuildFile; fileRef = A4D18C211F606B2200D93B03 /* tex512.png */; };
		A4D18C2D1F606B2200D93B03 /* tex1024.png in Resources */ = {isa = PBXBuildFile; fileRef = A4D18C221F606B2200D93B03 /* tex1024.png */; };
		A4D18C2E1F606B2200D93B03 /* tex2048.png in Resources */ = {isa = PBXBuildFile; fileRef = A4D18C231F606B2200D93B03 /* tex2048.png */; };
		A4D18C3B1F69A2A800D93B03 /* HANGAR_flat.ttf in Resources */ = {isa = PBXBuildFile; fileRef = A4D18C3A1F69A2A800D93B03 /* HANGAR_flat.ttf */; };
		ACD25CE3F610446D3E20DFFD /* Pods_2048Tests.framework in Frameworks */ = {isa = PBXBuildFile; fileRef = 49E80B17CC8B5A2D4C3DE984 /* Pods_2048Tests.framework */; };
/* End PBXBuildFile section */

/* Begin PBXContainerItemProxy section */
		A4864DC91F58A75B00645483 /* PBXContainerItemProxy */ = {
			isa = PBXContainerItemProxy;
			containerPortal = A4864DA61F58A75B00645483 /* Project object */;
			proxyType = 1;
			remoteGlobalIDString = A4864DAD1F58A75B00645483;
			remoteInfo = 2048;
		};
		A4864DD41F58A75B00645483 /* PBXContainerItemProxy */ = {
			isa = PBXContainerItemProxy;
			containerPortal = A4864DA61F58A75B00645483 /* Project object */;
			proxyType = 1;
			remoteGlobalIDString = A4864DAD1F58A75B00645483;
			remoteInfo = 2048;
		};
/* End PBXContainerItemProxy section */

/* Begin PBXFileReference section */
		49E80B17CC8B5A2D4C3DE984 /* Pods_2048Tests.framework */ = {isa = PBXFileReference; explicitFileType = wrapper.framework; includeInIndex = 0; path = Pods_2048Tests.framework; sourceTree = BUILT_PRODUCTS_DIR; };
		60499CCF1A70031637A8810A /* Pods-2048.release.xcconfig */ = {isa = PBXFileReference; includeInIndex = 1; lastKnownFileType = text.xcconfig; name = "Pods-2048.release.xcconfig"; path = "Pods/Target Support Files/Pods-2048/Pods-2048.release.xcconfig"; sourceTree = "<group>"; };
		61A9CB8EF457F444080DB9B7 /* Pods-2048Tests.release.xcconfig */ = {isa = PBXFileReference; includeInIndex = 1; lastKnownFileType = text.xcconfig; name = "Pods-2048Tests.release.xcconfig"; path = "Pods/Target Support Files/Pods-2048Tests/Pods-2048Tests.release.xcconfig"; sourceTree = "<group>"; };
		72D81F3507E6B029516C4555 /* Pods-2048.debug.xcconfig */ = {isa = PBXFileReference; includeInIndex = 1; lastKnownFileType = text.xcconfig; name = "Pods-2048.debug.xcconfig"; path = "Pods/Target Support Files/Pods-2048/Pods-2048.debug.xcconfig"; sourceTree = "<group>"; };
		7FE6C5C0CF771BB5C8179744 /* Pods-2048UITests.release.xcconfig */ = {isa = PBXFileReference; includeInIndex = 1; lastKnownFileType = text.xcconfig; name = "Pods-2048UITests.release.xcconfig"; path = "Pods/Target Support Files/Pods-2048UITests/Pods-2048UITests.release.xcconfig"; sourceTree = "<group>"; };
		A41836E61F845B3A0021561E /* Scoreboard.swift */ = {isa = PBXFileReference; lastKnownFileType = sourcecode.swift; path = Scoreboard.swift; sourceTree = "<group>"; };
		A41836E81F862AE90021561E /* GameScoreManager.swift */ = {isa = PBXFileReference; lastKnownFileType = sourcecode.swift; path = GameScoreManager.swift; sourceTree = "<group>"; };
		A41836EA1F97C8E20021561E /* GameoverPanel.swift */ = {isa = PBXFileReference; lastKnownFileType = sourcecode.swift; path = GameoverPanel.swift; sourceTree = "<group>"; };
		A4364DC1200CE8650004E61B /* Audio.swift */ = {isa = PBXFileReference; lastKnownFileType = sourcecode.swift; path = Audio.swift; sourceTree = "<group>"; };
		A45156891F79931300467A06 /* Tile.swift */ = {isa = PBXFileReference; lastKnownFileType = sourcecode.swift; path = Tile.swift; sourceTree = "<group>"; };
		A4864DAE1F58A75B00645483 /* 2048.app */ = {isa = PBXFileReference; explicitFileType = wrapper.application; includeInIndex = 0; path = 2048.app; sourceTree = BUILT_PRODUCTS_DIR; };
		A4864DB11F58A75B00645483 /* AppDelegate.swift */ = {isa = PBXFileReference; lastKnownFileType = sourcecode.swift; path = AppDelegate.swift; sourceTree = "<group>"; };
		A4864DB71F58A75B00645483 /* GameScene.swift */ = {isa = PBXFileReference; lastKnownFileType = sourcecode.swift; path = GameScene.swift; sourceTree = "<group>"; };
		A4864DB91F58A75B00645483 /* GameViewController.swift */ = {isa = PBXFileReference; lastKnownFileType = sourcecode.swift; path = GameViewController.swift; sourceTree = "<group>"; };
		A4864DBC1F58A75B00645483 /* Base */ = {isa = PBXFileReference; lastKnownFileType = file.storyboard; name = Base; path = Base.lproj/Main.storyboard; sourceTree = "<group>"; };
		A4864DBE1F58A75B00645483 /* Assets.xcassets */ = {isa = PBXFileReference; lastKnownFileType = folder.assetcatalog; path = Assets.xcassets; sourceTree = "<group>"; };
		A4864DC11F58A75B00645483 /* Base */ = {isa = PBXFileReference; lastKnownFileType = file.storyboard; name = Base; path = Base.lproj/LaunchScreen.storyboard; sourceTree = "<group>"; };
		A4864DC31F58A75B00645483 /* Info.plist */ = {isa = PBXFileReference; lastKnownFileType = text.plist.xml; path = Info.plist; sourceTree = "<group>"; };
		A4864DC81F58A75B00645483 /* 2048Tests.xctest */ = {isa = PBXFileReference; explicitFileType = wrapper.cfbundle; includeInIndex = 0; path = 2048Tests.xctest; sourceTree = BUILT_PRODUCTS_DIR; };
		A4864DCC1F58A75B00645483 /* _048Tests.swift */ = {isa = PBXFileReference; lastKnownFileType = sourcecode.swift; path = _048Tests.swift; sourceTree = "<group>"; };
		A4864DCE1F58A75B00645483 /* Info.plist */ = {isa = PBXFileReference; lastKnownFileType = text.plist.xml; path = Info.plist; sourceTree = "<group>"; };
		A4864DD31F58A75B00645483 /* 2048UITests.xctest */ = {isa = PBXFileReference; explicitFileType = wrapper.cfbundle; includeInIndex = 0; path = 2048UITests.xctest; sourceTree = BUILT_PRODUCTS_DIR; };
		A4864DD71F58A75B00645483 /* _048UITests.swift */ = {isa = PBXFileReference; lastKnownFileType = sourcecode.swift; path = _048UITests.swift; sourceTree = "<group>"; };
		A4864DD91F58A75B00645483 /* Info.plist */ = {isa = PBXFileReference; lastKnownFileType = text.plist.xml; path = Info.plist; sourceTree = "<group>"; };
		A4864DEB1F59437100645483 /* SplashLogo.png */ = {isa = PBXFileReference; lastKnownFileType = image.png; path = SplashLogo.png; sourceTree = "<group>"; };
		A4864DEC1F59437100645483 /* SplashLogo@2x.png */ = {isa = PBXFileReference; lastKnownFileType = image.png; path = "SplashLogo@2x.png"; sourceTree = "<group>"; };
		A4864DED1F59437100645483 /* SplashLogo@4x.png */ = {isa = PBXFileReference; lastKnownFileType = image.png; path = "SplashLogo@4x.png"; sourceTree = "<group>"; };
		A4883F521F703BA700B7D807 /* ionicons.ttf */ = {isa = PBXFileReference; lastKnownFileType = file; path = ionicons.ttf; sourceTree = "<group>"; };
		A4D18BF81F594E5D00D93B03 /* HomeScene.swift */ = {isa = PBXFileReference; fileEncoding = 4; lastKnownFileType = sourcecode.swift; path = HomeScene.swift; sourceTree = "<group>"; };
		A4D18BFA1F5954C600D93B03 /* Globals.swift */ = {isa = PBXFileReference; fileEncoding = 4; lastKnownFileType = sourcecode.swift; path = Globals.swift; sourceTree = "<group>"; };
		A4D18BFF1F5AB4F000D93B03 /* StyleDefinitions.swift */ = {isa = PBXFileReference; fileEncoding = 4; lastKnownFileType = sourcecode.swift; path = StyleDefinitions.swift; sourceTree = "<group>"; };
		A4D18C031F5B42D800D93B03 /* AuxModel.swift */ = {isa = PBXFileReference; fileEncoding = 4; lastKnownFileType = sourcecode.swift; path = AuxModel.swift; sourceTree = "<group>"; };
		A4D18C051F5B43A000D93B03 /* GameModel.swift */ = {isa = PBXFileReference; fileEncoding = 4; lastKnownFileType = sourcecode.swift; path = GameModel.swift; sourceTree = "<group>"; };
		A4D18C0C1F5C9E1600D93B03 /* InfoScene.swift */ = {isa = PBXFileReference; fileEncoding = 4; lastKnownFileType = sourcecode.swift; path = InfoScene.swift; sourceTree = "<group>"; };
		A4D18C0E1F5C9E3900D93B03 /* SettingsScene.swift */ = {isa = PBXFileReference; fileEncoding = 4; lastKnownFileType = sourcecode.swift; path = SettingsScene.swift; sourceTree = "<group>"; };
		A4D18C101F5C9E5E00D93B03 /* HighscoreScene.swift */ = {isa = PBXFileReference; fileEncoding = 4; lastKnownFileType = sourcecode.swift; path = HighscoreScene.swift; sourceTree = "<group>"; };
		A4D18C191F606B2200D93B03 /* tex2.png */ = {isa = PBXFileReference; lastKnownFileType = image.png; path = tex2.png; sourceTree = "<group>"; };
		A4D18C1A1F606B2200D93B03 /* tex4.png */ = {isa = PBXFileReference; lastKnownFileType = image.png; path = tex4.png; sourceTree = "<group>"; };
		A4D18C1B1F606B2200D93B03 /* tex8.png */ = {isa = PBXFileReference; lastKnownFileType = image.png; path = tex8.png; sourceTree = "<group>"; };
		A4D18C1C1F606B2200D93B03 /* tex16.png */ = {isa = PBXFileReference; lastKnownFileType = image.png; path = tex16.png; sourceTree = "<group>"; };
		A4D18C1D1F606B2200D93B03 /* tex32.png */ = {isa = PBXFileReference; lastKnownFileType = image.png; path = tex32.png; sourceTree = "<group>"; };
		A4D18C1E1F606B2200D93B03 /* tex64.png */ = {isa = PBXFileReference; lastKnownFileType = image.png; path = tex64.png; sourceTree = "<group>"; };
		A4D18C1F1F606B2200D93B03 /* tex128.png */ = {isa = PBXFileReference; lastKnownFileType = image.png; path = tex128.png; sourceTree = "<group>"; };
		A4D18C201F606B2200D93B03 /* tex256.png */ = {isa = PBXFileReference; lastKnownFileType = image.png; path = tex256.png; sourceTree = "<group>"; };
		A4D18C211F606B2200D93B03 /* tex512.png */ = {isa = PBXFileReference; lastKnownFileType = image.png; path = tex512.png; sourceTree = "<group>"; };
		A4D18C221F606B2200D93B03 /* tex1024.png */ = {isa = PBXFileReference; lastKnownFileType = image.png; path = tex1024.png; sourceTree = "<group>"; };
		A4D18C231F606B2200D93B03 /* tex2048.png */ = {isa = PBXFileReference; lastKnownFileType = image.png; path = tex2048.png; sourceTree = "<group>"; };
		A4D18C3A1F69A2A800D93B03 /* HANGAR_flat.ttf */ = {isa = PBXFileReference; lastKnownFileType = file; path = HANGAR_flat.ttf; sourceTree = "<group>"; };
		C915CF04F2A45F0FED9C464F /* Pods-2048UITests.debug.xcconfig */ = {isa = PBXFileReference; includeInIndex = 1; lastKnownFileType = text.xcconfig; name = "Pods-2048UITests.debug.xcconfig"; path = "Pods/Target Support Files/Pods-2048UITests/Pods-2048UITests.debug.xcconfig"; sourceTree = "<group>"; };
		CE606F2E6BED27A6538A799A /* Pods_2048UITests.framework */ = {isa = PBXFileReference; explicitFileType = wrapper.framework; includeInIndex = 0; path = Pods_2048UITests.framework; sourceTree = BUILT_PRODUCTS_DIR; };
		D941E04E187B9F0488A94036 /* Pods_2048.framework */ = {isa = PBXFileReference; explicitFileType = wrapper.framework; includeInIndex = 0; path = Pods_2048.framework; sourceTree = BUILT_PRODUCTS_DIR; };
		FB3F28EF888F4F2E8035299A /* Pods-2048Tests.debug.xcconfig */ = {isa = PBXFileReference; includeInIndex = 1; lastKnownFileType = text.xcconfig; name = "Pods-2048Tests.debug.xcconfig"; path = "Pods/Target Support Files/Pods-2048Tests/Pods-2048Tests.debug.xcconfig"; sourceTree = "<group>"; };
/* End PBXFileReference section */

/* Begin PBXFrameworksBuildPhase section */
		A4864DAB1F58A75B00645483 /* Frameworks */ = {
			isa = PBXFrameworksBuildPhase;
			buildActionMask = 2147483647;
			files = (
				146925240143C79097A3D093 /* Pods_2048.framework in Frameworks */,
			);
			runOnlyForDeploymentPostprocessing = 0;
		};
		A4864DC51F58A75B00645483 /* Frameworks */ = {
			isa = PBXFrameworksBuildPhase;
			buildActionMask = 2147483647;
			files = (
				ACD25CE3F610446D3E20DFFD /* Pods_2048Tests.framework in Frameworks */,
			);
			runOnlyForDeploymentPostprocessing = 0;
		};
		A4864DD01F58A75B00645483 /* Frameworks */ = {
			isa = PBXFrameworksBuildPhase;
			buildActionMask = 2147483647;
			files = (
				145FB473B93B043BE447E3AA /* Pods_2048UITests.framework in Frameworks */,
			);
			runOnlyForDeploymentPostprocessing = 0;
		};
/* End PBXFrameworksBuildPhase section */

/* Begin PBXGroup section */
		81597BB8F381B57D5534E934 /* Pods */ = {
			isa = PBXGroup;
			children = (
				72D81F3507E6B029516C4555 /* Pods-2048.debug.xcconfig */,
				60499CCF1A70031637A8810A /* Pods-2048.release.xcconfig */,
				FB3F28EF888F4F2E8035299A /* Pods-2048Tests.debug.xcconfig */,
				61A9CB8EF457F444080DB9B7 /* Pods-2048Tests.release.xcconfig */,
				C915CF04F2A45F0FED9C464F /* Pods-2048UITests.debug.xcconfig */,
				7FE6C5C0CF771BB5C8179744 /* Pods-2048UITests.release.xcconfig */,
			);
			name = Pods;
			sourceTree = "<group>";
		};
		A45156881F7992BC00467A06 /* Components */ = {
			isa = PBXGroup;
			children = (
				A45156891F79931300467A06 /* Tile.swift */,
				A41836E61F845B3A0021561E /* Scoreboard.swift */,
				A41836E81F862AE90021561E /* GameScoreManager.swift */,
				A41836EA1F97C8E20021561E /* GameoverPanel.swift */,
				A4364DC1200CE8650004E61B /* Audio.swift */,
			);
			path = Components;
			sourceTree = "<group>";
		};
		A4864DA51F58A75B00645483 = {
			isa = PBXGroup;
			children = (
				A4883F521F703BA700B7D807 /* ionicons.ttf */,
				A4D18C3A1F69A2A800D93B03 /* HANGAR_flat.ttf */,
				A4864DB01F58A75B00645483 /* 2048 */,
				A4864DCB1F58A75B00645483 /* 2048Tests */,
				A4864DD61F58A75B00645483 /* 2048UITests */,
				A4864DAF1F58A75B00645483 /* Products */,
				81597BB8F381B57D5534E934 /* Pods */,
				B1F1391608A22692D4825E5D /* Frameworks */,
			);
			sourceTree = "<group>";
		};
		A4864DAF1F58A75B00645483 /* Products */ = {
			isa = PBXGroup;
			children = (
				A4864DAE1F58A75B00645483 /* 2048.app */,
				A4864DC81F58A75B00645483 /* 2048Tests.xctest */,
				A4864DD31F58A75B00645483 /* 2048UITests.xctest */,
			);
			name = Products;
			sourceTree = "<group>";
		};
		A4864DB01F58A75B00645483 /* 2048 */ = {
			isa = PBXGroup;
			children = (
				A45156881F7992BC00467A06 /* Components */,
				A4D18C0B1F5C9DC200D93B03 /* Scenes */,
				A4D18BFE1F5957F100D93B03 /* Models */,
				A4D18BFD1F5957E900D93B03 /* Views */,
				A4D18BFC1F5957D000D93B03 /* Images */,
				A4864DB11F58A75B00645483 /* AppDelegate.swift */,
				A4864DB91F58A75B00645483 /* GameViewController.swift */,
				A4864DBB1F58A75B00645483 /* Main.storyboard */,
				A4864DBE1F58A75B00645483 /* Assets.xcassets */,
				A4864DC01F58A75B00645483 /* LaunchScreen.storyboard */,
				A4864DC31F58A75B00645483 /* Info.plist */,
				A4D18BFA1F5954C600D93B03 /* Globals.swift */,
				A4D18BFF1F5AB4F000D93B03 /* StyleDefinitions.swift */,
			);
			path = 2048;
			sourceTree = "<group>";
		};
		A4864DCB1F58A75B00645483 /* 2048Tests */ = {
			isa = PBXGroup;
			children = (
				A4864DCC1F58A75B00645483 /* _048Tests.swift */,
				A4864DCE1F58A75B00645483 /* Info.plist */,
			);
			path = 2048Tests;
			sourceTree = "<group>";
		};
		A4864DD61F58A75B00645483 /* 2048UITests */ = {
			isa = PBXGroup;
			children = (
				A4864DD71F58A75B00645483 /* _048UITests.swift */,
				A4864DD91F58A75B00645483 /* Info.plist */,
			);
			path = 2048UITests;
			sourceTree = "<group>";
		};
		A4D18BFC1F5957D000D93B03 /* Images */ = {
			isa = PBXGroup;
			children = (
				A4D18C2F1F606B6400D93B03 /* CubeTextures */,
				A4864DEB1F59437100645483 /* SplashLogo.png */,
				A4864DEC1F59437100645483 /* SplashLogo@2x.png */,
				A4864DED1F59437100645483 /* SplashLogo@4x.png */,
			);
			name = Images;
			sourceTree = "<group>";
		};
		A4D18BFD1F5957E900D93B03 /* Views */ = {
			isa = PBXGroup;
			children = (
			);
			name = Views;
			sourceTree = "<group>";
		};
		A4D18BFE1F5957F100D93B03 /* Models */ = {
			isa = PBXGroup;
			children = (
				A4D18C031F5B42D800D93B03 /* AuxModel.swift */,
				A4D18C051F5B43A000D93B03 /* GameModel.swift */,
			);
			name = Models;
			sourceTree = "<group>";
		};
		A4D18C0B1F5C9DC200D93B03 /* Scenes */ = {
			isa = PBXGroup;
			children = (
				A4D18BF81F594E5D00D93B03 /* HomeScene.swift */,
				A4864DB71F58A75B00645483 /* GameScene.swift */,
				A4D18C0C1F5C9E1600D93B03 /* InfoScene.swift */,
				A4D18C0E1F5C9E3900D93B03 /* SettingsScene.swift */,
				A4D18C101F5C9E5E00D93B03 /* HighscoreScene.swift */,
			);
			name = Scenes;
			sourceTree = "<group>";
		};
		A4D18C2F1F606B6400D93B03 /* CubeTextures */ = {
			isa = PBXGroup;
			children = (
				A4D18C191F606B2200D93B03 /* tex2.png */,
				A4D18C1A1F606B2200D93B03 /* tex4.png */,
				A4D18C1B1F606B2200D93B03 /* tex8.png */,
				A4D18C1C1F606B2200D93B03 /* tex16.png */,
				A4D18C1D1F606B2200D93B03 /* tex32.png */,
				A4D18C1E1F606B2200D93B03 /* tex64.png */,
				A4D18C1F1F606B2200D93B03 /* tex128.png */,
				A4D18C201F606B2200D93B03 /* tex256.png */,
				A4D18C211F606B2200D93B03 /* tex512.png */,
				A4D18C221F606B2200D93B03 /* tex1024.png */,
				A4D18C231F606B2200D93B03 /* tex2048.png */,
			);
			name = CubeTextures;
			sourceTree = "<group>";
		};
		B1F1391608A22692D4825E5D /* Frameworks */ = {
			isa = PBXGroup;
			children = (
				D941E04E187B9F0488A94036 /* Pods_2048.framework */,
				49E80B17CC8B5A2D4C3DE984 /* Pods_2048Tests.framework */,
				CE606F2E6BED27A6538A799A /* Pods_2048UITests.framework */,
			);
			name = Frameworks;
			sourceTree = "<group>";
		};
/* End PBXGroup section */

/* Begin PBXNativeTarget section */
		A4864DAD1F58A75B00645483 /* 2048 */ = {
			isa = PBXNativeTarget;
			buildConfigurationList = A4864DDC1F58A75B00645483 /* Build configuration list for PBXNativeTarget "2048" */;
			buildPhases = (
				0F43B3EA80882A1592D4CFC2 /* [CP] Check Pods Manifest.lock */,
				A4864DAA1F58A75B00645483 /* Sources */,
				A4864DAB1F58A75B00645483 /* Frameworks */,
				A4864DAC1F58A75B00645483 /* Resources */,
				F403DB757631BAF1F74960CE /* [CP] Embed Pods Frameworks */,
				A2DA9A3B68DD33C47A3F0DB2 /* [CP] Copy Pods Resources */,
			);
			buildRules = (
			);
			dependencies = (
			);
			name = 2048;
			productName = 2048;
			productReference = A4864DAE1F58A75B00645483 /* 2048.app */;
			productType = "com.apple.product-type.application";
		};
		A4864DC71F58A75B00645483 /* 2048Tests */ = {
			isa = PBXNativeTarget;
			buildConfigurationList = A4864DDF1F58A75B00645483 /* Build configuration list for PBXNativeTarget "2048Tests" */;
			buildPhases = (
				1CAD6220479A09E66CB8401A /* [CP] Check Pods Manifest.lock */,
				A4864DC41F58A75B00645483 /* Sources */,
				A4864DC51F58A75B00645483 /* Frameworks */,
				A4864DC61F58A75B00645483 /* Resources */,
				FCB1EDE4717E277F09CD90A6 /* [CP] Embed Pods Frameworks */,
				F2B3769AA6DB3F18FFA22F51 /* [CP] Copy Pods Resources */,
			);
			buildRules = (
			);
			dependencies = (
				A4864DCA1F58A75B00645483 /* PBXTargetDependency */,
			);
			name = 2048Tests;
			productName = 2048Tests;
			productReference = A4864DC81F58A75B00645483 /* 2048Tests.xctest */;
			productType = "com.apple.product-type.bundle.unit-test";
		};
		A4864DD21F58A75B00645483 /* 2048UITests */ = {
			isa = PBXNativeTarget;
			buildConfigurationList = A4864DE21F58A75B00645483 /* Build configuration list for PBXNativeTarget "2048UITests" */;
			buildPhases = (
				E32F10BBE570BDE9C3E64534 /* [CP] Check Pods Manifest.lock */,
				A4864DCF1F58A75B00645483 /* Sources */,
				A4864DD01F58A75B00645483 /* Frameworks */,
				A4864DD11F58A75B00645483 /* Resources */,
				A352F325D4CD3D7033501AE8 /* [CP] Embed Pods Frameworks */,
				FC14F743296EE576F47A3B4B /* [CP] Copy Pods Resources */,
			);
			buildRules = (
			);
			dependencies = (
				A4864DD51F58A75B00645483 /* PBXTargetDependency */,
			);
			name = 2048UITests;
			productName = 2048UITests;
			productReference = A4864DD31F58A75B00645483 /* 2048UITests.xctest */;
			productType = "com.apple.product-type.bundle.ui-testing";
		};
/* End PBXNativeTarget section */

/* Begin PBXProject section */
		A4864DA61F58A75B00645483 /* Project object */ = {
			isa = PBXProject;
			attributes = {
				LastSwiftUpdateCheck = 0830;
				LastUpgradeCheck = 0900;
				ORGANIZATIONNAME = "per thoresson";
				TargetAttributes = {
					A4864DAD1F58A75B00645483 = {
						CreatedOnToolsVersion = 8.3.3;
						DevelopmentTeam = ZWJY3MNGM6;
						LastSwiftMigration = 0900;
						ProvisioningStyle = Manual;
					};
					A4864DC71F58A75B00645483 = {
						CreatedOnToolsVersion = 8.3.3;
						DevelopmentTeam = ZWJY3MNGM6;
						ProvisioningStyle = Automatic;
						TestTargetID = A4864DAD1F58A75B00645483;
					};
					A4864DD21F58A75B00645483 = {
						CreatedOnToolsVersion = 8.3.3;
						DevelopmentTeam = ZWJY3MNGM6;
						ProvisioningStyle = Automatic;
						TestTargetID = A4864DAD1F58A75B00645483;
					};
				};
			};
			buildConfigurationList = A4864DA91F58A75B00645483 /* Build configuration list for PBXProject "2048" */;
			compatibilityVersion = "Xcode 3.2";
			developmentRegion = English;
			hasScannedForEncodings = 0;
			knownRegions = (
				en,
				Base,
			);
			mainGroup = A4864DA51F58A75B00645483;
			productRefGroup = A4864DAF1F58A75B00645483 /* Products */;
			projectDirPath = "";
			projectRoot = "";
			targets = (
				A4864DAD1F58A75B00645483 /* 2048 */,
				A4864DC71F58A75B00645483 /* 2048Tests */,
				A4864DD21F58A75B00645483 /* 2048UITests */,
			);
		};
/* End PBXProject section */

/* Begin PBXResourcesBuildPhase section */
		A4864DAC1F58A75B00645483 /* Resources */ = {
			isa = PBXResourcesBuildPhase;
			buildActionMask = 2147483647;
			files = (
				A4864DBD1F58A75B00645483 /* Main.storyboard in Resources */,
				A4864DEF1F59437100645483 /* SplashLogo@2x.png in Resources */,
				A4D18C281F606B2200D93B03 /* tex32.png in Resources */,
				A4D18C251F606B2200D93B03 /* tex4.png in Resources */,
				A4864DBF1F58A75B00645483 /* Assets.xcassets in Resources */,
				A4D18C3B1F69A2A800D93B03 /* HANGAR_flat.ttf in Resources */,
				A4D18C2C1F606B2200D93B03 /* tex512.png in Resources */,
				A4D18C2D1F606B2200D93B03 /* tex1024.png in Resources */,
				A4864DF01F59437100645483 /* SplashLogo@4x.png in Resources */,
				A4D18C271F606B2200D93B03 /* tex16.png in Resources */,
				A4D18C261F606B2200D93B03 /* tex8.png in Resources */,
				A4D18C2E1F606B2200D93B03 /* tex2048.png in Resources */,
				A4D18C2A1F606B2200D93B03 /* tex128.png in Resources */,
				A4864DC21F58A75B00645483 /* LaunchScreen.storyboard in Resources */,
				A4883F531F703BA700B7D807 /* ionicons.ttf in Resources */,
				A4D18C241F606B2200D93B03 /* tex2.png in Resources */,
				A4864DEE1F59437100645483 /* SplashLogo.png in Resources */,
				A4D18C2B1F606B2200D93B03 /* tex256.png in Resources */,
				A4D18C291F606B2200D93B03 /* tex64.png in Resources */,
			);
			runOnlyForDeploymentPostprocessing = 0;
		};
		A4864DC61F58A75B00645483 /* Resources */ = {
			isa = PBXResourcesBuildPhase;
			buildActionMask = 2147483647;
			files = (
			);
			runOnlyForDeploymentPostprocessing = 0;
		};
		A4864DD11F58A75B00645483 /* Resources */ = {
			isa = PBXResourcesBuildPhase;
			buildActionMask = 2147483647;
			files = (
			);
			runOnlyForDeploymentPostprocessing = 0;
		};
/* End PBXResourcesBuildPhase section */

/* Begin PBXShellScriptBuildPhase section */
		0F43B3EA80882A1592D4CFC2 /* [CP] Check Pods Manifest.lock */ = {
			isa = PBXShellScriptBuildPhase;
			buildActionMask = 2147483647;
			files = (
			);
			inputPaths = (
				"${PODS_PODFILE_DIR_PATH}/Podfile.lock",
				"${PODS_ROOT}/Manifest.lock",
			);
			name = "[CP] Check Pods Manifest.lock";
			outputPaths = (
				"$(DERIVED_FILE_DIR)/Pods-2048-checkManifestLockResult.txt",
			);
			runOnlyForDeploymentPostprocessing = 0;
			shellPath = /bin/sh;
			shellScript = "diff \"${PODS_PODFILE_DIR_PATH}/Podfile.lock\" \"${PODS_ROOT}/Manifest.lock\" > /dev/null\nif [ $? != 0 ] ; then\n    # print error to STDERR\n    echo \"error: The sandbox is not in sync with the Podfile.lock. Run 'pod install' or update your CocoaPods installation.\" >&2\n    exit 1\nfi\n# This output is used by Xcode 'outputs' to avoid re-running this script phase.\necho \"SUCCESS\" > \"${SCRIPT_OUTPUT_FILE_0}\"\n";
			showEnvVarsInLog = 0;
		};
		1CAD6220479A09E66CB8401A /* [CP] Check Pods Manifest.lock */ = {
			isa = PBXShellScriptBuildPhase;
			buildActionMask = 2147483647;
			files = (
			);
			inputPaths = (
				"${PODS_PODFILE_DIR_PATH}/Podfile.lock",
				"${PODS_ROOT}/Manifest.lock",
			);
			name = "[CP] Check Pods Manifest.lock";
			outputPaths = (
				"$(DERIVED_FILE_DIR)/Pods-2048Tests-checkManifestLockResult.txt",
			);
			runOnlyForDeploymentPostprocessing = 0;
			shellPath = /bin/sh;
			shellScript = "diff \"${PODS_PODFILE_DIR_PATH}/Podfile.lock\" \"${PODS_ROOT}/Manifest.lock\" > /dev/null\nif [ $? != 0 ] ; then\n    # print error to STDERR\n    echo \"error: The sandbox is not in sync with the Podfile.lock. Run 'pod install' or update your CocoaPods installation.\" >&2\n    exit 1\nfi\n# This output is used by Xcode 'outputs' to avoid re-running this script phase.\necho \"SUCCESS\" > \"${SCRIPT_OUTPUT_FILE_0}\"\n";
			showEnvVarsInLog = 0;
		};
		A2DA9A3B68DD33C47A3F0DB2 /* [CP] Copy Pods Resources */ = {
			isa = PBXShellScriptBuildPhase;
			buildActionMask = 2147483647;
			files = (
			);
			inputPaths = (
			);
			name = "[CP] Copy Pods Resources";
			outputPaths = (
			);
			runOnlyForDeploymentPostprocessing = 0;
			shellPath = /bin/sh;
			shellScript = "\"${SRCROOT}/Pods/Target Support Files/Pods-2048/Pods-2048-resources.sh\"\n";
			showEnvVarsInLog = 0;
		};
		A352F325D4CD3D7033501AE8 /* [CP] Embed Pods Frameworks */ = {
			isa = PBXShellScriptBuildPhase;
			buildActionMask = 2147483647;
			files = (
			);
			inputPaths = (
			);
			name = "[CP] Embed Pods Frameworks";
			outputPaths = (
			);
			runOnlyForDeploymentPostprocessing = 0;
			shellPath = /bin/sh;
			shellScript = "\"${SRCROOT}/Pods/Target Support Files/Pods-2048UITests/Pods-2048UITests-frameworks.sh\"\n";
			showEnvVarsInLog = 0;
		};
		E32F10BBE570BDE9C3E64534 /* [CP] Check Pods Manifest.lock */ = {
			isa = PBXShellScriptBuildPhase;
			buildActionMask = 2147483647;
			files = (
			);
			inputPaths = (
				"${PODS_PODFILE_DIR_PATH}/Podfile.lock",
				"${PODS_ROOT}/Manifest.lock",
			);
			name = "[CP] Check Pods Manifest.lock";
			outputPaths = (
				"$(DERIVED_FILE_DIR)/Pods-2048UITests-checkManifestLockResult.txt",
			);
			runOnlyForDeploymentPostprocessing = 0;
			shellPath = /bin/sh;
			shellScript = "diff \"${PODS_PODFILE_DIR_PATH}/Podfile.lock\" \"${PODS_ROOT}/Manifest.lock\" > /dev/null\nif [ $? != 0 ] ; then\n    # print error to STDERR\n    echo \"error: The sandbox is not in sync with the Podfile.lock. Run 'pod install' or update your CocoaPods installation.\" >&2\n    exit 1\nfi\n# This output is used by Xcode 'outputs' to avoid re-running this script phase.\necho \"SUCCESS\" > \"${SCRIPT_OUTPUT_FILE_0}\"\n";
			showEnvVarsInLog = 0;
		};
		F2B3769AA6DB3F18FFA22F51 /* [CP] Copy Pods Resources */ = {
			isa = PBXShellScriptBuildPhase;
			buildActionMask = 2147483647;
			files = (
			);
			inputPaths = (
			);
			name = "[CP] Copy Pods Resources";
			outputPaths = (
			);
			runOnlyForDeploymentPostprocessing = 0;
			shellPath = /bin/sh;
			shellScript = "\"${SRCROOT}/Pods/Target Support Files/Pods-2048Tests/Pods-2048Tests-resources.sh\"\n";
			showEnvVarsInLog = 0;
		};
		F403DB757631BAF1F74960CE /* [CP] Embed Pods Frameworks */ = {
			isa = PBXShellScriptBuildPhase;
			buildActionMask = 2147483647;
			files = (
			);
			inputPaths = (
			);
			name = "[CP] Embed Pods Frameworks";
			outputPaths = (
			);
			runOnlyForDeploymentPostprocessing = 0;
			shellPath = /bin/sh;
			shellScript = "\"${SRCROOT}/Pods/Target Support Files/Pods-2048/Pods-2048-frameworks.sh\"\n";
			showEnvVarsInLog = 0;
		};
		FC14F743296EE576F47A3B4B /* [CP] Copy Pods Resources */ = {
			isa = PBXShellScriptBuildPhase;
			buildActionMask = 2147483647;
			files = (
			);
			inputPaths = (
			);
			name = "[CP] Copy Pods Resources";
			outputPaths = (
			);
			runOnlyForDeploymentPostprocessing = 0;
			shellPath = /bin/sh;
			shellScript = "\"${SRCROOT}/Pods/Target Support Files/Pods-2048UITests/Pods-2048UITests-resources.sh\"\n";
			showEnvVarsInLog = 0;
		};
		FCB1EDE4717E277F09CD90A6 /* [CP] Embed Pods Frameworks */ = {
			isa = PBXShellScriptBuildPhase;
			buildActionMask = 2147483647;
			files = (
			);
			inputPaths = (
			);
			name = "[CP] Embed Pods Frameworks";
			outputPaths = (
			);
			runOnlyForDeploymentPostprocessing = 0;
			shellPath = /bin/sh;
			shellScript = "\"${SRCROOT}/Pods/Target Support Files/Pods-2048Tests/Pods-2048Tests-frameworks.sh\"\n";
			showEnvVarsInLog = 0;
		};
/* End PBXShellScriptBuildPhase section */

/* Begin PBXSourcesBuildPhase section */
		A4864DAA1F58A75B00645483 /* Sources */ = {
			isa = PBXSourcesBuildPhase;
			buildActionMask = 2147483647;
			files = (
				A4D18C0D1F5C9E1600D93B03 /* InfoScene.swift in Sources */,
				A41836E91F862AE90021561E /* GameScoreManager.swift in Sources */,
				A41836EB1F97C8E20021561E /* GameoverPanel.swift in Sources */,
				A4D18C041F5B42D800D93B03 /* AuxModel.swift in Sources */,
				A451568A1F79931300467A06 /* Tile.swift in Sources */,
				A4D18C001F5AB4F000D93B03 /* StyleDefinitions.swift in Sources */,
				A4364DC2200CE8650004E61B /* Audio.swift in Sources */,
				A4D18C061F5B43A000D93B03 /* GameModel.swift in Sources */,
				A41836E71F845B3A0021561E /* Scoreboard.swift in Sources */,
				A4D18C0F1F5C9E3900D93B03 /* SettingsScene.swift in Sources */,
				A4864DB81F58A75B00645483 /* GameScene.swift in Sources */,
				A4D18BF91F594E5D00D93B03 /* HomeScene.swift in Sources */,
				A4864DBA1F58A75B00645483 /* GameViewController.swift in Sources */,
				A4D18C111F5C9E5E00D93B03 /* HighscoreScene.swift in Sources */,
				A4D18BFB1F5954C600D93B03 /* Globals.swift in Sources */,
				A4864DB21F58A75B00645483 /* AppDelegate.swift in Sources */,
			);
			runOnlyForDeploymentPostprocessing = 0;
		};
		A4864DC41F58A75B00645483 /* Sources */ = {
			isa = PBXSourcesBuildPhase;
			buildActionMask = 2147483647;
			files = (
				A4864DCD1F58A75B00645483 /* _048Tests.swift in Sources */,
			);
			runOnlyForDeploymentPostprocessing = 0;
		};
		A4864DCF1F58A75B00645483 /* Sources */ = {
			isa = PBXSourcesBuildPhase;
			buildActionMask = 2147483647;
			files = (
				A4864DD81F58A75B00645483 /* _048UITests.swift in Sources */,
			);
			runOnlyForDeploymentPostprocessing = 0;
		};
/* End PBXSourcesBuildPhase section */

/* Begin PBXTargetDependency section */
		A4864DCA1F58A75B00645483 /* PBXTargetDependency */ = {
			isa = PBXTargetDependency;
			target = A4864DAD1F58A75B00645483 /* 2048 */;
			targetProxy = A4864DC91F58A75B00645483 /* PBXContainerItemProxy */;
		};
		A4864DD51F58A75B00645483 /* PBXTargetDependency */ = {
			isa = PBXTargetDependency;
			target = A4864DAD1F58A75B00645483 /* 2048 */;
			targetProxy = A4864DD41F58A75B00645483 /* PBXContainerItemProxy */;
		};
/* End PBXTargetDependency section */

/* Begin PBXVariantGroup section */
		A4864DBB1F58A75B00645483 /* Main.storyboard */ = {
			isa = PBXVariantGroup;
			children = (
				A4864DBC1F58A75B00645483 /* Base */,
			);
			name = Main.storyboard;
			sourceTree = "<group>";
		};
		A4864DC01F58A75B00645483 /* LaunchScreen.storyboard */ = {
			isa = PBXVariantGroup;
			children = (
				A4864DC11F58A75B00645483 /* Base */,
			);
			name = LaunchScreen.storyboard;
			sourceTree = "<group>";
		};
/* End PBXVariantGroup section */

/* Begin XCBuildConfiguration section */
		A4864DDA1F58A75B00645483 /* Debug */ = {
			isa = XCBuildConfiguration;
			buildSettings = {
				ALWAYS_SEARCH_USER_PATHS = NO;
				CLANG_ANALYZER_NONNULL = YES;
				CLANG_ANALYZER_NUMBER_OBJECT_CONVERSION = YES_AGGRESSIVE;
				CLANG_CXX_LANGUAGE_STANDARD = "gnu++0x";
				CLANG_CXX_LIBRARY = "libc++";
				CLANG_ENABLE_MODULES = YES;
				CLANG_ENABLE_OBJC_ARC = YES;
				CLANG_WARN_BLOCK_CAPTURE_AUTORELEASING = YES;
				CLANG_WARN_BOOL_CONVERSION = YES;
				CLANG_WARN_COMMA = YES;
				CLANG_WARN_CONSTANT_CONVERSION = YES;
				CLANG_WARN_DIRECT_OBJC_ISA_USAGE = YES_ERROR;
				CLANG_WARN_DOCUMENTATION_COMMENTS = YES;
				CLANG_WARN_EMPTY_BODY = YES;
				CLANG_WARN_ENUM_CONVERSION = YES;
				CLANG_WARN_INFINITE_RECURSION = YES;
				CLANG_WARN_INT_CONVERSION = YES;
				CLANG_WARN_NON_LITERAL_NULL_CONVERSION = YES;
				CLANG_WARN_OBJC_LITERAL_CONVERSION = YES;
				CLANG_WARN_OBJC_ROOT_CLASS = YES_ERROR;
				CLANG_WARN_RANGE_LOOP_ANALYSIS = YES;
				CLANG_WARN_STRICT_PROTOTYPES = YES;
				CLANG_WARN_SUSPICIOUS_MOVE = YES;
				CLANG_WARN_UNREACHABLE_CODE = YES;
				CLANG_WARN__DUPLICATE_METHOD_MATCH = YES;
				"CODE_SIGN_IDENTITY[sdk=iphoneos*]" = "iPhone Developer";
				COPY_PHASE_STRIP = NO;
				DEBUG_INFORMATION_FORMAT = dwarf;
				ENABLE_STRICT_OBJC_MSGSEND = YES;
				ENABLE_TESTABILITY = YES;
				GCC_C_LANGUAGE_STANDARD = gnu99;
				GCC_DYNAMIC_NO_PIC = NO;
				GCC_NO_COMMON_BLOCKS = YES;
				GCC_OPTIMIZATION_LEVEL = 0;
				GCC_PREPROCESSOR_DEFINITIONS = (
					"DEBUG=1",
					"$(inherited)",
				);
				GCC_WARN_64_TO_32_BIT_CONVERSION = YES;
				GCC_WARN_ABOUT_RETURN_TYPE = YES_ERROR;
				GCC_WARN_UNDECLARED_SELECTOR = YES;
				GCC_WARN_UNINITIALIZED_AUTOS = YES_AGGRESSIVE;
				GCC_WARN_UNUSED_FUNCTION = YES;
				GCC_WARN_UNUSED_VARIABLE = YES;
				IPHONEOS_DEPLOYMENT_TARGET = 10.3;
				MTL_ENABLE_DEBUG_INFO = YES;
				ONLY_ACTIVE_ARCH = YES;
				SDKROOT = iphoneos;
				SWIFT_ACTIVE_COMPILATION_CONDITIONS = DEBUG;
				SWIFT_OPTIMIZATION_LEVEL = "-Onone";
				TARGETED_DEVICE_FAMILY = "1,2";
			};
			name = Debug;
		};
		A4864DDB1F58A75B00645483 /* Release */ = {
			isa = XCBuildConfiguration;
			buildSettings = {
				ALWAYS_SEARCH_USER_PATHS = NO;
				CLANG_ANALYZER_NONNULL = YES;
				CLANG_ANALYZER_NUMBER_OBJECT_CONVERSION = YES_AGGRESSIVE;
				CLANG_CXX_LANGUAGE_STANDARD = "gnu++0x";
				CLANG_CXX_LIBRARY = "libc++";
				CLANG_ENABLE_MODULES = YES;
				CLANG_ENABLE_OBJC_ARC = YES;
				CLANG_WARN_BLOCK_CAPTURE_AUTORELEASING = YES;
				CLANG_WARN_BOOL_CONVERSION = YES;
				CLANG_WARN_COMMA = YES;
				CLANG_WARN_CONSTANT_CONVERSION = YES;
				CLANG_WARN_DIRECT_OBJC_ISA_USAGE = YES_ERROR;
				CLANG_WARN_DOCUMENTATION_COMMENTS = YES;
				CLANG_WARN_EMPTY_BODY = YES;
				CLANG_WARN_ENUM_CONVERSION = YES;
				CLANG_WARN_INFINITE_RECURSION = YES;
				CLANG_WARN_INT_CONVERSION = YES;
				CLANG_WARN_NON_LITERAL_NULL_CONVERSION = YES;
				CLANG_WARN_OBJC_LITERAL_CONVERSION = YES;
				CLANG_WARN_OBJC_ROOT_CLASS = YES_ERROR;
				CLANG_WARN_RANGE_LOOP_ANALYSIS = YES;
				CLANG_WARN_STRICT_PROTOTYPES = YES;
				CLANG_WARN_SUSPICIOUS_MOVE = YES;
				CLANG_WARN_UNREACHABLE_CODE = YES;
				CLANG_WARN__DUPLICATE_METHOD_MATCH = YES;
				"CODE_SIGN_IDENTITY[sdk=iphoneos*]" = "iPhone Developer";
				COPY_PHASE_STRIP = NO;
				DEBUG_INFORMATION_FORMAT = "dwarf-with-dsym";
				ENABLE_NS_ASSERTIONS = NO;
				ENABLE_STRICT_OBJC_MSGSEND = YES;
				GCC_C_LANGUAGE_STANDARD = gnu99;
				GCC_NO_COMMON_BLOCKS = YES;
				GCC_WARN_64_TO_32_BIT_CONVERSION = YES;
				GCC_WARN_ABOUT_RETURN_TYPE = YES_ERROR;
				GCC_WARN_UNDECLARED_SELECTOR = YES;
				GCC_WARN_UNINITIALIZED_AUTOS = YES_AGGRESSIVE;
				GCC_WARN_UNUSED_FUNCTION = YES;
				GCC_WARN_UNUSED_VARIABLE = YES;
				IPHONEOS_DEPLOYMENT_TARGET = 10.3;
				MTL_ENABLE_DEBUG_INFO = NO;
				SDKROOT = iphoneos;
				SWIFT_OPTIMIZATION_LEVEL = "-Owholemodule";
				TARGETED_DEVICE_FAMILY = "1,2";
				VALIDATE_PRODUCT = YES;
			};
			name = Release;
		};
		A4864DDD1F58A75B00645483 /* Debug */ = {
			isa = XCBuildConfiguration;
			baseConfigurationReference = 72D81F3507E6B029516C4555 /* Pods-2048.debug.xcconfig */;
			buildSettings = {
				ASSETCATALOG_COMPILER_APPICON_NAME = AppIcon;
				CODE_SIGN_IDENTITY = "";
				"CODE_SIGN_IDENTITY[sdk=iphoneos*]" = "";
				CODE_SIGN_STYLE = Manual;
				DEVELOPMENT_TEAM = ZWJY3MNGM6;
				INFOPLIST_FILE = 2048/Info.plist;
				LD_RUNPATH_SEARCH_PATHS = "$(inherited) @executable_path/Frameworks";
				PRODUCT_BUNDLE_IDENTIFIER = com.sambaviking.20483D;
				PRODUCT_NAME = "$(TARGET_NAME)";
				PROVISIONING_PROFILE_SPECIFIER = "2048 3D Prod Profile";
				SWIFT_SWIFT3_OBJC_INFERENCE = Default;
				SWIFT_VERSION = 4.0;
			};
			name = Debug;
		};
		A4864DDE1F58A75B00645483 /* Release */ = {
			isa = XCBuildConfiguration;
			baseConfigurationReference = 60499CCF1A70031637A8810A /* Pods-2048.release.xcconfig */;
			buildSettings = {
				ASSETCATALOG_COMPILER_APPICON_NAME = AppIcon;
				CODE_SIGN_IDENTITY = "iPhone Distribution: SAMBAVIKING PTY. LTD. (ZWJY3MNGM6)";
				"CODE_SIGN_IDENTITY[sdk=iphoneos*]" = "iPhone Distribution: SAMBAVIKING PTY. LTD. (ZWJY3MNGM6)";
				CODE_SIGN_STYLE = Manual;
				DEVELOPMENT_TEAM = ZWJY3MNGM6;
				INFOPLIST_FILE = 2048/Info.plist;
				LD_RUNPATH_SEARCH_PATHS = "$(inherited) @executable_path/Frameworks";
				PRODUCT_BUNDLE_IDENTIFIER = com.sambaviking.20483D;
				PRODUCT_NAME = "$(TARGET_NAME)";
				PROVISIONING_PROFILE_SPECIFIER = "2048 3D Prod Profile";
				SWIFT_SWIFT3_OBJC_INFERENCE = Default;
				SWIFT_VERSION = 4.0;
			};
			name = Release;
		};
		A4864DE01F58A75B00645483 /* Debug */ = {
			isa = XCBuildConfiguration;
			baseConfigurationReference = FB3F28EF888F4F2E8035299A /* Pods-2048Tests.debug.xcconfig */;
			buildSettings = {
				ALWAYS_EMBED_SWIFT_STANDARD_LIBRARIES = YES;
				BUNDLE_LOADER = "$(TEST_HOST)";
				DEVELOPMENT_TEAM = ZWJY3MNGM6;
				INFOPLIST_FILE = 2048Tests/Info.plist;
				LD_RUNPATH_SEARCH_PATHS = "$(inherited) @executable_path/Frameworks @loader_path/Frameworks";
				PRODUCT_BUNDLE_IDENTIFIER = "com.sambaviking.-048Tests";
				PRODUCT_NAME = "$(TARGET_NAME)";
				SWIFT_VERSION = 3.0;
				TEST_HOST = "$(BUILT_PRODUCTS_DIR)/2048.app/2048";
			};
			name = Debug;
		};
		A4864DE11F58A75B00645483 /* Release */ = {
			isa = XCBuildConfiguration;
			baseConfigurationReference = 61A9CB8EF457F444080DB9B7 /* Pods-2048Tests.release.xcconfig */;
			buildSettings = {
				ALWAYS_EMBED_SWIFT_STANDARD_LIBRARIES = YES;
				BUNDLE_LOADER = "$(TEST_HOST)";
				DEVELOPMENT_TEAM = ZWJY3MNGM6;
				INFOPLIST_FILE = 2048Tests/Info.plist;
				LD_RUNPATH_SEARCH_PATHS = "$(inherited) @executable_path/Frameworks @loader_path/Frameworks";
				PRODUCT_BUNDLE_IDENTIFIER = "com.sambaviking.-048Tests";
				PRODUCT_NAME = "$(TARGET_NAME)";
				SWIFT_VERSION = 3.0;
				TEST_HOST = "$(BUILT_PRODUCTS_DIR)/2048.app/2048";
			};
			name = Release;
		};
		A4864DE31F58A75B00645483 /* Debug */ = {
			isa = XCBuildConfiguration;
			baseConfigurationReference = C915CF04F2A45F0FED9C464F /* Pods-2048UITests.debug.xcconfig */;
			buildSettings = {
				ALWAYS_EMBED_SWIFT_STANDARD_LIBRARIES = YES;
				DEVELOPMENT_TEAM = ZWJY3MNGM6;
				INFOPLIST_FILE = 2048UITests/Info.plist;
				LD_RUNPATH_SEARCH_PATHS = "$(inherited) @executable_path/Frameworks @loader_path/Frameworks";
				PRODUCT_BUNDLE_IDENTIFIER = "com.sambaviking.-048UITests";
				PRODUCT_NAME = "$(TARGET_NAME)";
				SWIFT_VERSION = 3.0;
				TEST_TARGET_NAME = 2048;
			};
			name = Debug;
		};
		A4864DE41F58A75B00645483 /* Release */ = {
			isa = XCBuildConfiguration;
			baseConfigurationReference = 7FE6C5C0CF771BB5C8179744 /* Pods-2048UITests.release.xcconfig */;
			buildSettings = {
				ALWAYS_EMBED_SWIFT_STANDARD_LIBRARIES = YES;
				DEVELOPMENT_TEAM = ZWJY3MNGM6;
				INFOPLIST_FILE = 2048UITests/Info.plist;
				LD_RUNPATH_SEARCH_PATHS = "$(inherited) @executable_path/Frameworks @loader_path/Frameworks";
				PRODUCT_BUNDLE_IDENTIFIER = "com.sambaviking.-048UITests";
				PRODUCT_NAME = "$(TARGET_NAME)";
				SWIFT_VERSION = 3.0;
				TEST_TARGET_NAME = 2048;
			};
			name = Release;
		};
/* End XCBuildConfiguration section */

/* Begin XCConfigurationList section */
		A4864DA91F58A75B00645483 /* Build configuration list for PBXProject "2048" */ = {
			isa = XCConfigurationList;
			buildConfigurations = (
				A4864DDA1F58A75B00645483 /* Debug */,
				A4864DDB1F58A75B00645483 /* Release */,
			);
			defaultConfigurationIsVisible = 0;
			defaultConfigurationName = Release;
		};
		A4864DDC1F58A75B00645483 /* Build configuration list for PBXNativeTarget "2048" */ = {
			isa = XCConfigurationList;
			buildConfigurations = (
				A4864DDD1F58A75B00645483 /* Debug */,
				A4864DDE1F58A75B00645483 /* Release */,
			);
			defaultConfigurationIsVisible = 0;
			defaultConfigurationName = Release;
		};
		A4864DDF1F58A75B00645483 /* Build configuration list for PBXNativeTarget "2048Tests" */ = {
			isa = XCConfigurationList;
			buildConfigurations = (
				A4864DE01F58A75B00645483 /* Debug */,
				A4864DE11F58A75B00645483 /* Release */,
			);
			defaultConfigurationIsVisible = 0;
			defaultConfigurationName = Release;
		};
		A4864DE21F58A75B00645483 /* Build configuration list for PBXNativeTarget "2048UITests" */ = {
			isa = XCConfigurationList;
			buildConfigurations = (
				A4864DE31F58A75B00645483 /* Debug */,
				A4864DE41F58A75B00645483 /* Release */,
			);
			defaultConfigurationIsVisible = 0;
			defaultConfigurationName = Release;
		};
/* End XCConfigurationList section */
	};
	rootObject = A4864DA61F58A75B00645483 /* Project object */;
}
